// !$*UTF8*$!
{
	archiveVersion = 1;
	classes = {
	};
	objectVersion = 55;
	objects = {

/* Begin PBXBuildFile section */
		1808607E283849C100CEC2C6 /* swift_demo_App.swift in Sources */ = {isa = PBXBuildFile; fileRef = 1808607D283849C100CEC2C6 /* swift_demo_App.swift */; };
		18086080283849C100CEC2C6 /* ContentView.swift in Sources */ = {isa = PBXBuildFile; fileRef = 1808607F283849C100CEC2C6 /* ContentView.swift */; };
		18086082283849C100CEC2C6 /* Assets.xcassets in Resources */ = {isa = PBXBuildFile; fileRef = 18086081283849C100CEC2C6 /* Assets.xcassets */; };
		18086085283849C100CEC2C6 /* Preview Assets.xcassets in Resources */ = {isa = PBXBuildFile; fileRef = 18086084283849C100CEC2C6 /* Preview Assets.xcassets */; };
		1837930728389BD4004374E3 /* CircleImage.swift in Sources */ = {isa = PBXBuildFile; fileRef = 1837930628389BD4004374E3 /* CircleImage.swift */; };
		183793092839B78D004374E3 /* MapView.swift in Sources */ = {isa = PBXBuildFile; fileRef = 183793082839B78D004374E3 /* MapView.swift */; };
		1837930B2839D437004374E3 /* landmarkData.json in Resources */ = {isa = PBXBuildFile; fileRef = 1837930A2839D437004374E3 /* landmarkData.json */; };
		183793132839DBF4004374E3 /* Landmark.swift in Sources */ = {isa = PBXBuildFile; fileRef = 183793122839DBF4004374E3 /* Landmark.swift */; };
		183793152839E103004374E3 /* ModelData.swift in Sources */ = {isa = PBXBuildFile; fileRef = 183793142839E103004374E3 /* ModelData.swift */; };
		1837931D2839ECF8004374E3 /* LandmarkRow.swift in Sources */ = {isa = PBXBuildFile; fileRef = 1837931C2839ECF8004374E3 /* LandmarkRow.swift */; };
		1837931F2839F31B004374E3 /* LandmarkList.swift in Sources */ = {isa = PBXBuildFile; fileRef = 1837931E2839F31B004374E3 /* LandmarkList.swift */; };
		183793212839F6EC004374E3 /* LandmarkDetail.swift in Sources */ = {isa = PBXBuildFile; fileRef = 183793202839F6EC004374E3 /* LandmarkDetail.swift */; };
		18379323283AA556004374E3 /* FavoriteButton.swift in Sources */ = {isa = PBXBuildFile; fileRef = 18379322283AA556004374E3 /* FavoriteButton.swift */; };
		18379327283AC15F004374E3 /* HexagonParameters.swift in Sources */ = {isa = PBXBuildFile; fileRef = 18379326283AC15F004374E3 /* HexagonParameters.swift */; };
		18379329283AC2F7004374E3 /* BadgeBackground.swift in Sources */ = {isa = PBXBuildFile; fileRef = 18379328283AC2F7004374E3 /* BadgeBackground.swift */; };
		1837932B283AC6CE004374E3 /* BadgeSymbol.swift in Sources */ = {isa = PBXBuildFile; fileRef = 1837932A283AC6CE004374E3 /* BadgeSymbol.swift */; };
		1837932D283AC727004374E3 /* RotatedBadgeSymbol.swift in Sources */ = {isa = PBXBuildFile; fileRef = 1837932C283AC727004374E3 /* RotatedBadgeSymbol.swift */; };
		1837932F283AC7B0004374E3 /* Badge.swift in Sources */ = {isa = PBXBuildFile; fileRef = 1837932E283AC7B0004374E3 /* Badge.swift */; };
		18379332283AEAB0004374E3 /* hikeData.json in Resources */ = {isa = PBXBuildFile; fileRef = 18379331283AEAB0004374E3 /* hikeData.json */; };
		18379334283AEAD8004374E3 /* Hike.swift in Sources */ = {isa = PBXBuildFile; fileRef = 18379333283AEAD8004374E3 /* Hike.swift */; };
		1837933A283AECB2004374E3 /* GraphCapsule.swift in Sources */ = {isa = PBXBuildFile; fileRef = 18379336283AECB2004374E3 /* GraphCapsule.swift */; };
		1837933B283AECB2004374E3 /* HikeGraph.swift in Sources */ = {isa = PBXBuildFile; fileRef = 18379337283AECB2004374E3 /* HikeGraph.swift */; };
		1837933C283AECB2004374E3 /* HikeDetail.swift in Sources */ = {isa = PBXBuildFile; fileRef = 18379338283AECB2004374E3 /* HikeDetail.swift */; };
		1837933D283AECB2004374E3 /* HikeView.swift in Sources */ = {isa = PBXBuildFile; fileRef = 18379339283AECB2004374E3 /* HikeView.swift */; };
		1895F5B12841C4F5009D71AA /* CategoryHome.swift in Sources */ = {isa = PBXBuildFile; fileRef = 1895F5B02841C4F5009D71AA /* CategoryHome.swift */; };
		1895F5B32841C869009D71AA /* CategoryRow.swift in Sources */ = {isa = PBXBuildFile; fileRef = 1895F5B22841C869009D71AA /* CategoryRow.swift */; };
		1895F5B52841CA3B009D71AA /* CategoryItem.swift in Sources */ = {isa = PBXBuildFile; fileRef = 1895F5B42841CA3B009D71AA /* CategoryItem.swift */; };
		18B09C43284322AC000E4EDF /* Profile.swift in Sources */ = {isa = PBXBuildFile; fileRef = 18B09C42284322AC000E4EDF /* Profile.swift */; };
		18B09C4628432472000E4EDF /* ProfileHost.swift in Sources */ = {isa = PBXBuildFile; fileRef = 18B09C4528432472000E4EDF /* ProfileHost.swift */; };
		18B09C4A284325AB000E4EDF /* ProfileSummary.swift in Sources */ = {isa = PBXBuildFile; fileRef = 18B09C49284325AB000E4EDF /* ProfileSummary.swift */; };
		18B09C4C28432A6D000E4EDF /* HikeBadge.swift in Sources */ = {isa = PBXBuildFile; fileRef = 18B09C4B28432A6D000E4EDF /* HikeBadge.swift */; };
		18B09C4E28433CDE000E4EDF /* ProfileEditor.swift in Sources */ = {isa = PBXBuildFile; fileRef = 18B09C4D28433CDE000E4EDF /* ProfileEditor.swift */; };
		18B09C512843F396000E4EDF /* PageViewController.swift in Sources */ = {isa = PBXBuildFile; fileRef = 18B09C502843F396000E4EDF /* PageViewController.swift */; };
		18B09C532843F715000E4EDF /* FeatureCard.swift in Sources */ = {isa = PBXBuildFile; fileRef = 18B09C522843F715000E4EDF /* FeatureCard.swift */; };
		18B09C5528440754000E4EDF /* PageView.swift in Sources */ = {isa = PBXBuildFile; fileRef = 18B09C5428440754000E4EDF /* PageView.swift */; };
/* End PBXBuildFile section */

/* Begin PBXFileReference section */
		1808607A283849C100CEC2C6 /* swift-demo.app */ = {isa = PBXFileReference; explicitFileType = wrapper.application; includeInIndex = 0; path = "swift-demo.app"; sourceTree = BUILT_PRODUCTS_DIR; };
		1808607D283849C100CEC2C6 /* swift_demo_App.swift */ = {isa = PBXFileReference; lastKnownFileType = sourcecode.swift; path = swift_demo_App.swift; sourceTree = "<group>"; };
		1808607F283849C100CEC2C6 /* ContentView.swift */ = {isa = PBXFileReference; lastKnownFileType = sourcecode.swift; path = ContentView.swift; sourceTree = "<group>"; };
		18086081283849C100CEC2C6 /* Assets.xcassets */ = {isa = PBXFileReference; lastKnownFileType = folder.assetcatalog; path = Assets.xcassets; sourceTree = "<group>"; };
		18086084283849C100CEC2C6 /* Preview Assets.xcassets */ = {isa = PBXFileReference; lastKnownFileType = folder.assetcatalog; path = "Preview Assets.xcassets"; sourceTree = "<group>"; };
		1837930628389BD4004374E3 /* CircleImage.swift */ = {isa = PBXFileReference; lastKnownFileType = sourcecode.swift; path = CircleImage.swift; sourceTree = "<group>"; };
		183793082839B78D004374E3 /* MapView.swift */ = {isa = PBXFileReference; lastKnownFileType = sourcecode.swift; path = MapView.swift; sourceTree = "<group>"; };
		1837930A2839D437004374E3 /* landmarkData.json */ = {isa = PBXFileReference; fileEncoding = 4; lastKnownFileType = text.json; path = landmarkData.json; sourceTree = "<group>"; };
		183793122839DBF4004374E3 /* Landmark.swift */ = {isa = PBXFileReference; lastKnownFileType = sourcecode.swift; path = Landmark.swift; sourceTree = "<group>"; };
		183793142839E103004374E3 /* ModelData.swift */ = {isa = PBXFileReference; lastKnownFileType = sourcecode.swift; path = ModelData.swift; sourceTree = "<group>"; };
		1837931C2839ECF8004374E3 /* LandmarkRow.swift */ = {isa = PBXFileReference; lastKnownFileType = sourcecode.swift; path = LandmarkRow.swift; sourceTree = "<group>"; };
		1837931E2839F31B004374E3 /* LandmarkList.swift */ = {isa = PBXFileReference; lastKnownFileType = sourcecode.swift; path = LandmarkList.swift; sourceTree = "<group>"; };
		183793202839F6EC004374E3 /* LandmarkDetail.swift */ = {isa = PBXFileReference; lastKnownFileType = sourcecode.swift; path = LandmarkDetail.swift; sourceTree = "<group>"; };
		18379322283AA556004374E3 /* FavoriteButton.swift */ = {isa = PBXFileReference; lastKnownFileType = sourcecode.swift; path = FavoriteButton.swift; sourceTree = "<group>"; };
		18379326283AC15F004374E3 /* HexagonParameters.swift */ = {isa = PBXFileReference; lastKnownFileType = sourcecode.swift; path = HexagonParameters.swift; sourceTree = "<group>"; };
		18379328283AC2F7004374E3 /* BadgeBackground.swift */ = {isa = PBXFileReference; lastKnownFileType = sourcecode.swift; name = BadgeBackground.swift; path = "swift-demo/Views/Badges/BadgeBackground.swift"; sourceTree = SOURCE_ROOT; };
		1837932A283AC6CE004374E3 /* BadgeSymbol.swift */ = {isa = PBXFileReference; lastKnownFileType = sourcecode.swift; name = BadgeSymbol.swift; path = "swift-demo/Views/Badges/BadgeSymbol.swift"; sourceTree = SOURCE_ROOT; };
		1837932C283AC727004374E3 /* RotatedBadgeSymbol.swift */ = {isa = PBXFileReference; lastKnownFileType = sourcecode.swift; path = RotatedBadgeSymbol.swift; sourceTree = "<group>"; };
		1837932E283AC7B0004374E3 /* Badge.swift */ = {isa = PBXFileReference; lastKnownFileType = sourcecode.swift; path = Badge.swift; sourceTree = "<group>"; };
		18379331283AEAB0004374E3 /* hikeData.json */ = {isa = PBXFileReference; fileEncoding = 4; lastKnownFileType = text.json; path = hikeData.json; sourceTree = "<group>"; };
		18379333283AEAD8004374E3 /* Hike.swift */ = {isa = PBXFileReference; lastKnownFileType = sourcecode.swift; path = Hike.swift; sourceTree = "<group>"; };
		18379336283AECB2004374E3 /* GraphCapsule.swift */ = {isa = PBXFileReference; fileEncoding = 4; lastKnownFileType = sourcecode.swift; path = GraphCapsule.swift; sourceTree = "<group>"; };
		18379337283AECB2004374E3 /* HikeGraph.swift */ = {isa = PBXFileReference; fileEncoding = 4; lastKnownFileType = sourcecode.swift; path = HikeGraph.swift; sourceTree = "<group>"; };
		18379338283AECB2004374E3 /* HikeDetail.swift */ = {isa = PBXFileReference; fileEncoding = 4; lastKnownFileType = sourcecode.swift; path = HikeDetail.swift; sourceTree = "<group>"; };
		18379339283AECB2004374E3 /* HikeView.swift */ = {isa = PBXFileReference; fileEncoding = 4; lastKnownFileType = sourcecode.swift; path = HikeView.swift; sourceTree = "<group>"; };
		1895F5B02841C4F5009D71AA /* CategoryHome.swift */ = {isa = PBXFileReference; lastKnownFileType = sourcecode.swift; path = CategoryHome.swift; sourceTree = "<group>"; };
		1895F5B22841C869009D71AA /* CategoryRow.swift */ = {isa = PBXFileReference; lastKnownFileType = sourcecode.swift; path = CategoryRow.swift; sourceTree = "<group>"; };
		1895F5B42841CA3B009D71AA /* CategoryItem.swift */ = {isa = PBXFileReference; lastKnownFileType = sourcecode.swift; path = CategoryItem.swift; sourceTree = "<group>"; };
		18B09C42284322AC000E4EDF /* Profile.swift */ = {isa = PBXFileReference; lastKnownFileType = sourcecode.swift; path = Profile.swift; sourceTree = "<group>"; };
		18B09C4528432472000E4EDF /* ProfileHost.swift */ = {isa = PBXFileReference; lastKnownFileType = sourcecode.swift; path = ProfileHost.swift; sourceTree = "<group>"; };
		18B09C49284325AB000E4EDF /* ProfileSummary.swift */ = {isa = PBXFileReference; lastKnownFileType = sourcecode.swift; path = ProfileSummary.swift; sourceTree = "<group>"; };
		18B09C4B28432A6D000E4EDF /* HikeBadge.swift */ = {isa = PBXFileReference; lastKnownFileType = sourcecode.swift; path = HikeBadge.swift; sourceTree = "<group>"; };
		18B09C4D28433CDE000E4EDF /* ProfileEditor.swift */ = {isa = PBXFileReference; lastKnownFileType = sourcecode.swift; path = ProfileEditor.swift; sourceTree = "<group>"; };
		18B09C502843F396000E4EDF /* PageViewController.swift */ = {isa = PBXFileReference; lastKnownFileType = sourcecode.swift; path = PageViewController.swift; sourceTree = "<group>"; };
		18B09C522843F715000E4EDF /* FeatureCard.swift */ = {isa = PBXFileReference; lastKnownFileType = sourcecode.swift; path = FeatureCard.swift; sourceTree = "<group>"; };
		18B09C5428440754000E4EDF /* PageView.swift */ = {isa = PBXFileReference; lastKnownFileType = sourcecode.swift; path = PageView.swift; sourceTree = "<group>"; };
/* End PBXFileReference section */

/* Begin PBXFrameworksBuildPhase section */
		18086077283849C100CEC2C6 /* Frameworks */ = {
			isa = PBXFrameworksBuildPhase;
			buildActionMask = 2147483647;
			files = (
			);
			runOnlyForDeploymentPostprocessing = 0;
		};
/* End PBXFrameworksBuildPhase section */

/* Begin PBXGroup section */
		18086071283849C100CEC2C6 = {
			isa = PBXGroup;
			children = (
				1808607C283849C100CEC2C6 /* swift-demo */,
				1808607B283849C100CEC2C6 /* Products */,
			);
			sourceTree = "<group>";
		};
		1808607B283849C100CEC2C6 /* Products */ = {
			isa = PBXGroup;
			children = (
				1808607A283849C100CEC2C6 /* swift-demo.app */,
			);
			name = Products;
			sourceTree = "<group>";
		};
		1808607C283849C100CEC2C6 /* swift-demo */ = {
			isa = PBXGroup;
			children = (
				1837931B2839E552004374E3 /* Resources */,
				1837931A2839E52E004374E3 /* Models */,
				183793192839E51C004374E3 /* Views */,
				1808607D283849C100CEC2C6 /* swift_demo_App.swift */,
				18086081283849C100CEC2C6 /* Assets.xcassets */,
				18086083283849C100CEC2C6 /* Preview Content */,
			);
			path = "swift-demo";
			sourceTree = "<group>";
		};
		18086083283849C100CEC2C6 /* Preview Content */ = {
			isa = PBXGroup;
			children = (
				18086084283849C100CEC2C6 /* Preview Assets.xcassets */,
			);
			path = "Preview Content";
			sourceTree = "<group>";
		};
		183793192839E51C004374E3 /* Views */ = {
			isa = PBXGroup;
			children = (
				18B09C4F2843F352000E4EDF /* PageView */,
				18B09C4428432449000E4EDF /* Profiles */,
				1895F5AF2841C4D3009D71AA /* Categories */,
				18379335283AECB2004374E3 /* Hikes */,
				18379330283AE927004374E3 /* Badges */,
				18379325283AA7A1004374E3 /* Helpers */,
				18379324283AA79B004374E3 /* LandMarks */,
				1808607F283849C100CEC2C6 /* ContentView.swift */,
			);
			path = Views;
			sourceTree = "<group>";
		};
		1837931A2839E52E004374E3 /* Models */ = {
			isa = PBXGroup;
			children = (
				183793122839DBF4004374E3 /* Landmark.swift */,
				183793142839E103004374E3 /* ModelData.swift */,
				18379333283AEAD8004374E3 /* Hike.swift */,
				18B09C42284322AC000E4EDF /* Profile.swift */,
			);
			path = Models;
			sourceTree = "<group>";
		};
		1837931B2839E552004374E3 /* Resources */ = {
			isa = PBXGroup;
			children = (
				18379331283AEAB0004374E3 /* hikeData.json */,
				1837930A2839D437004374E3 /* landmarkData.json */,
			);
			path = Resources;
			sourceTree = "<group>";
		};
		18379324283AA79B004374E3 /* LandMarks */ = {
			isa = PBXGroup;
			children = (
				1837931C2839ECF8004374E3 /* LandmarkRow.swift */,
				1837931E2839F31B004374E3 /* LandmarkList.swift */,
				183793202839F6EC004374E3 /* LandmarkDetail.swift */,
			);
			path = LandMarks;
			sourceTree = "<group>";
		};
		18379325283AA7A1004374E3 /* Helpers */ = {
			isa = PBXGroup;
			children = (
				1837930628389BD4004374E3 /* CircleImage.swift */,
				183793082839B78D004374E3 /* MapView.swift */,
				18379322283AA556004374E3 /* FavoriteButton.swift */,
			);
			path = Helpers;
			sourceTree = "<group>";
		};
		18379330283AE927004374E3 /* Badges */ = {
			isa = PBXGroup;
			children = (
				1837932A283AC6CE004374E3 /* BadgeSymbol.swift */,
				1837932C283AC727004374E3 /* RotatedBadgeSymbol.swift */,
				1837932E283AC7B0004374E3 /* Badge.swift */,
				18379328283AC2F7004374E3 /* BadgeBackground.swift */,
				18379326283AC15F004374E3 /* HexagonParameters.swift */,
			);
			path = Badges;
			sourceTree = "<group>";
		};
		18379335283AECB2004374E3 /* Hikes */ = {
			isa = PBXGroup;
			children = (
				18379336283AECB2004374E3 /* GraphCapsule.swift */,
				18379337283AECB2004374E3 /* HikeGraph.swift */,
				18379338283AECB2004374E3 /* HikeDetail.swift */,
				18379339283AECB2004374E3 /* HikeView.swift */,
				18B09C4B28432A6D000E4EDF /* HikeBadge.swift */,
			);
			path = Hikes;
			sourceTree = "<group>";
		};
		1895F5AF2841C4D3009D71AA /* Categories */ = {
			isa = PBXGroup;
			children = (
				1895F5B02841C4F5009D71AA /* CategoryHome.swift */,
				1895F5B22841C869009D71AA /* CategoryRow.swift */,
				1895F5B42841CA3B009D71AA /* CategoryItem.swift */,
			);
			path = Categories;
			sourceTree = "<group>";
		};
		18B09C4428432449000E4EDF /* Profiles */ = {
			isa = PBXGroup;
			children = (
				18B09C4528432472000E4EDF /* ProfileHost.swift */,
				18B09C49284325AB000E4EDF /* ProfileSummary.swift */,
				18B09C4D28433CDE000E4EDF /* ProfileEditor.swift */,
			);
			path = Profiles;
			sourceTree = "<group>";
		};
		18B09C4F2843F352000E4EDF /* PageView */ = {
			isa = PBXGroup;
			children = (
				18B09C502843F396000E4EDF /* PageViewController.swift */,
				18B09C522843F715000E4EDF /* FeatureCard.swift */,
				18B09C5428440754000E4EDF /* PageView.swift */,
			);
			path = PageView;
			sourceTree = "<group>";
		};
/* End PBXGroup section */

/* Begin PBXNativeTarget section */
		18086079283849C100CEC2C6 /* swift-demo */ = {
			isa = PBXNativeTarget;
			buildConfigurationList = 18086088283849C100CEC2C6 /* Build configuration list for PBXNativeTarget "swift-demo" */;
			buildPhases = (
				18086076283849C100CEC2C6 /* Sources */,
				18086077283849C100CEC2C6 /* Frameworks */,
				18086078283849C100CEC2C6 /* Resources */,
			);
			buildRules = (
			);
			dependencies = (
			);
			name = "swift-demo";
			productName = "swift-demo";
			productReference = 1808607A283849C100CEC2C6 /* swift-demo.app */;
			productType = "com.apple.product-type.application";
		};
/* End PBXNativeTarget section */

/* Begin PBXProject section */
		18086072283849C100CEC2C6 /* Project object */ = {
			isa = PBXProject;
			attributes = {
				BuildIndependentTargetsInParallel = 1;
				LastSwiftUpdateCheck = 1340;
				LastUpgradeCheck = 1340;
				TargetAttributes = {
					18086079283849C100CEC2C6 = {
						CreatedOnToolsVersion = 13.4;
					};
				};
			};
			buildConfigurationList = 18086075283849C100CEC2C6 /* Build configuration list for PBXProject "swift-demo" */;
			compatibilityVersion = "Xcode 13.0";
			developmentRegion = en;
			hasScannedForEncodings = 0;
			knownRegions = (
				en,
				Base,
			);
			mainGroup = 18086071283849C100CEC2C6;
			productRefGroup = 1808607B283849C100CEC2C6 /* Products */;
			projectDirPath = "";
			projectRoot = "";
			targets = (
				18086079283849C100CEC2C6 /* swift-demo */,
			);
		};
/* End PBXProject section */

/* Begin PBXResourcesBuildPhase section */
		18086078283849C100CEC2C6 /* Resources */ = {
			isa = PBXResourcesBuildPhase;
			buildActionMask = 2147483647;
			files = (
				18379332283AEAB0004374E3 /* hikeData.json in Resources */,
				18086085283849C100CEC2C6 /* Preview Assets.xcassets in Resources */,
				18086082283849C100CEC2C6 /* Assets.xcassets in Resources */,
				1837930B2839D437004374E3 /* landmarkData.json in Resources */,
			);
			runOnlyForDeploymentPostprocessing = 0;
		};
/* End PBXResourcesBuildPhase section */

/* Begin PBXSourcesBuildPhase section */
		18086076283849C100CEC2C6 /* Sources */ = {
			isa = PBXSourcesBuildPhase;
			buildActionMask = 2147483647;
			files = (
				1895F5B32841C869009D71AA /* CategoryRow.swift in Sources */,
				18B09C43284322AC000E4EDF /* Profile.swift in Sources */,
				18B09C4A284325AB000E4EDF /* ProfileSummary.swift in Sources */,
				18086080283849C100CEC2C6 /* ContentView.swift in Sources */,
				18B09C532843F715000E4EDF /* FeatureCard.swift in Sources */,
				1895F5B12841C4F5009D71AA /* CategoryHome.swift in Sources */,
				1837933B283AECB2004374E3 /* HikeGraph.swift in Sources */,
				1837932F283AC7B0004374E3 /* Badge.swift in Sources */,
				183793092839B78D004374E3 /* MapView.swift in Sources */,
				1895F5B52841CA3B009D71AA /* CategoryItem.swift in Sources */,
				1837933A283AECB2004374E3 /* GraphCapsule.swift in Sources */,
				1808607E283849C100CEC2C6 /* swift_demo_App.swift in Sources */,
				18379323283AA556004374E3 /* FavoriteButton.swift in Sources */,
				1837933C283AECB2004374E3 /* HikeDetail.swift in Sources */,
				18379327283AC15F004374E3 /* HexagonParameters.swift in Sources */,
				18B09C4628432472000E4EDF /* ProfileHost.swift in Sources */,
				18379334283AEAD8004374E3 /* Hike.swift in Sources */,
				1837932D283AC727004374E3 /* RotatedBadgeSymbol.swift in Sources */,
				18B09C5528440754000E4EDF /* PageView.swift in Sources */,
				1837932B283AC6CE004374E3 /* BadgeSymbol.swift in Sources */,
				18B09C4E28433CDE000E4EDF /* ProfileEditor.swift in Sources */,
				1837931F2839F31B004374E3 /* LandmarkList.swift in Sources */,
				1837933D283AECB2004374E3 /* HikeView.swift in Sources */,
				183793212839F6EC004374E3 /* LandmarkDetail.swift in Sources */,
				18B09C512843F396000E4EDF /* PageViewController.swift in Sources */,
				18379329283AC2F7004374E3 /* BadgeBackground.swift in Sources */,
				18B09C4C28432A6D000E4EDF /* HikeBadge.swift in Sources */,
				1837930728389BD4004374E3 /* CircleImage.swift in Sources */,
				183793132839DBF4004374E3 /* Landmark.swift in Sources */,
				1837931D2839ECF8004374E3 /* LandmarkRow.swift in Sources */,
				183793152839E103004374E3 /* ModelData.swift in Sources */,
			);
			runOnlyForDeploymentPostprocessing = 0;
		};
/* End PBXSourcesBuildPhase section */

/* Begin XCBuildConfiguration section */
		18086086283849C100CEC2C6 /* Debug */ = {
			isa = XCBuildConfiguration;
			buildSettings = {
				ALWAYS_SEARCH_USER_PATHS = NO;
				CLANG_ANALYZER_NONNULL = YES;
				CLANG_ANALYZER_NUMBER_OBJECT_CONVERSION = YES_AGGRESSIVE;
				CLANG_CXX_LANGUAGE_STANDARD = "gnu++17";
				CLANG_ENABLE_MODULES = YES;
				CLANG_ENABLE_OBJC_ARC = YES;
				CLANG_ENABLE_OBJC_WEAK = YES;
				CLANG_WARN_BLOCK_CAPTURE_AUTORELEASING = YES;
				CLANG_WARN_BOOL_CONVERSION = YES;
				CLANG_WARN_COMMA = YES;
				CLANG_WARN_CONSTANT_CONVERSION = YES;
				CLANG_WARN_DEPRECATED_OBJC_IMPLEMENTATIONS = YES;
				CLANG_WARN_DIRECT_OBJC_ISA_USAGE = YES_ERROR;
				CLANG_WARN_DOCUMENTATION_COMMENTS = YES;
				CLANG_WARN_EMPTY_BODY = YES;
				CLANG_WARN_ENUM_CONVERSION = YES;
				CLANG_WARN_INFINITE_RECURSION = YES;
				CLANG_WARN_INT_CONVERSION = YES;
				CLANG_WARN_NON_LITERAL_NULL_CONVERSION = YES;
				CLANG_WARN_OBJC_IMPLICIT_RETAIN_SELF = YES;
				CLANG_WARN_OBJC_LITERAL_CONVERSION = YES;
				CLANG_WARN_OBJC_ROOT_CLASS = YES_ERROR;
				CLANG_WARN_QUOTED_INCLUDE_IN_FRAMEWORK_HEADER = YES;
				CLANG_WARN_RANGE_LOOP_ANALYSIS = YES;
				CLANG_WARN_STRICT_PROTOTYPES = YES;
				CLANG_WARN_SUSPICIOUS_MOVE = YES;
				CLANG_WARN_UNGUARDED_AVAILABILITY = YES_AGGRESSIVE;
				CLANG_WARN_UNREACHABLE_CODE = YES;
				CLANG_WARN__DUPLICATE_METHOD_MATCH = YES;
				COPY_PHASE_STRIP = NO;
				DEBUG_INFORMATION_FORMAT = dwarf;
				ENABLE_STRICT_OBJC_MSGSEND = YES;
				ENABLE_TESTABILITY = YES;
				GCC_C_LANGUAGE_STANDARD = gnu11;
				GCC_DYNAMIC_NO_PIC = NO;
				GCC_NO_COMMON_BLOCKS = YES;
				GCC_OPTIMIZATION_LEVEL = 0;
				GCC_PREPROCESSOR_DEFINITIONS = (
					"DEBUG=1",
					"$(inherited)",
				);
				GCC_WARN_64_TO_32_BIT_CONVERSION = YES;
				GCC_WARN_ABOUT_RETURN_TYPE = YES_ERROR;
				GCC_WARN_UNDECLARED_SELECTOR = YES;
				GCC_WARN_UNINITIALIZED_AUTOS = YES_AGGRESSIVE;
				GCC_WARN_UNUSED_FUNCTION = YES;
				GCC_WARN_UNUSED_VARIABLE = YES;
				IPHONEOS_DEPLOYMENT_TARGET = 15.5;
				MTL_ENABLE_DEBUG_INFO = INCLUDE_SOURCE;
				MTL_FAST_MATH = YES;
				ONLY_ACTIVE_ARCH = YES;
				SDKROOT = iphoneos;
				SWIFT_ACTIVE_COMPILATION_CONDITIONS = DEBUG;
				SWIFT_OPTIMIZATION_LEVEL = "-Onone";
			};
			name = Debug;
		};
		18086087283849C100CEC2C6 /* Release */ = {
			isa = XCBuildConfiguration;
			buildSettings = {
				ALWAYS_SEARCH_USER_PATHS = NO;
				CLANG_ANALYZER_NONNULL = YES;
				CLANG_ANALYZER_NUMBER_OBJECT_CONVERSION = YES_AGGRESSIVE;
				CLANG_CXX_LANGUAGE_STANDARD = "gnu++17";
				CLANG_ENABLE_MODULES = YES;
				CLANG_ENABLE_OBJC_ARC = YES;
				CLANG_ENABLE_OBJC_WEAK = YES;
				CLANG_WARN_BLOCK_CAPTURE_AUTORELEASING = YES;
				CLANG_WARN_BOOL_CONVERSION = YES;
				CLANG_WARN_COMMA = YES;
				CLANG_WARN_CONSTANT_CONVERSION = YES;
				CLANG_WARN_DEPRECATED_OBJC_IMPLEMENTATIONS = YES;
				CLANG_WARN_DIRECT_OBJC_ISA_USAGE = YES_ERROR;
				CLANG_WARN_DOCUMENTATION_COMMENTS = YES;
				CLANG_WARN_EMPTY_BODY = YES;
				CLANG_WARN_ENUM_CONVERSION = YES;
				CLANG_WARN_INFINITE_RECURSION = YES;
				CLANG_WARN_INT_CONVERSION = YES;
				CLANG_WARN_NON_LITERAL_NULL_CONVERSION = YES;
				CLANG_WARN_OBJC_IMPLICIT_RETAIN_SELF = YES;
				CLANG_WARN_OBJC_LITERAL_CONVERSION = YES;
				CLANG_WARN_OBJC_ROOT_CLASS = YES_ERROR;
				CLANG_WARN_QUOTED_INCLUDE_IN_FRAMEWORK_HEADER = YES;
				CLANG_WARN_RANGE_LOOP_ANALYSIS = YES;
				CLANG_WARN_STRICT_PROTOTYPES = YES;
				CLANG_WARN_SUSPICIOUS_MOVE = YES;
				CLANG_WARN_UNGUARDED_AVAILABILITY = YES_AGGRESSIVE;
				CLANG_WARN_UNREACHABLE_CODE = YES;
				CLANG_WARN__DUPLICATE_METHOD_MATCH = YES;
				COPY_PHASE_STRIP = NO;
				DEBUG_INFORMATION_FORMAT = "dwarf-with-dsym";
				ENABLE_NS_ASSERTIONS = NO;
				ENABLE_STRICT_OBJC_MSGSEND = YES;
				GCC_C_LANGUAGE_STANDARD = gnu11;
				GCC_NO_COMMON_BLOCKS = YES;
				GCC_WARN_64_TO_32_BIT_CONVERSION = YES;
				GCC_WARN_ABOUT_RETURN_TYPE = YES_ERROR;
				GCC_WARN_UNDECLARED_SELECTOR = YES;
				GCC_WARN_UNINITIALIZED_AUTOS = YES_AGGRESSIVE;
				GCC_WARN_UNUSED_FUNCTION = YES;
				GCC_WARN_UNUSED_VARIABLE = YES;
				IPHONEOS_DEPLOYMENT_TARGET = 15.5;
				MTL_ENABLE_DEBUG_INFO = NO;
				MTL_FAST_MATH = YES;
				SDKROOT = iphoneos;
				SWIFT_COMPILATION_MODE = wholemodule;
				SWIFT_OPTIMIZATION_LEVEL = "-O";
				VALIDATE_PRODUCT = YES;
			};
			name = Release;
		};
		18086089283849C100CEC2C6 /* Debug */ = {
			isa = XCBuildConfiguration;
			buildSettings = {
				ASSETCATALOG_COMPILER_APPICON_NAME = AppIcon;
				ASSETCATALOG_COMPILER_GLOBAL_ACCENT_COLOR_NAME = AccentColor;
				CODE_SIGN_STYLE = Automatic;
				CURRENT_PROJECT_VERSION = 1;
				DEVELOPMENT_ASSET_PATHS = "\"swift-demo/Preview Content\"";
				DEVELOPMENT_TEAM = 8W3DAXSQW9;
				ENABLE_PREVIEWS = YES;
				GENERATE_INFOPLIST_FILE = YES;
				INFOPLIST_KEY_UIApplicationSceneManifest_Generation = YES;
				INFOPLIST_KEY_UIApplicationSupportsIndirectInputEvents = YES;
				INFOPLIST_KEY_UILaunchScreen_Generation = YES;
				INFOPLIST_KEY_UISupportedInterfaceOrientations_iPad = "UIInterfaceOrientationPortrait UIInterfaceOrientationPortraitUpsideDown UIInterfaceOrientationLandscapeLeft UIInterfaceOrientationLandscapeRight";
				INFOPLIST_KEY_UISupportedInterfaceOrientations_iPhone = "UIInterfaceOrientationPortrait UIInterfaceOrientationLandscapeLeft UIInterfaceOrientationLandscapeRight";
				LD_RUNPATH_SEARCH_PATHS = (
					"$(inherited)",
					"@executable_path/Frameworks",
				);
				MARKETING_VERSION = 1.0;
				PRODUCT_BUNDLE_IDENTIFIER = "com.nguyen.swift-demo";
				PRODUCT_NAME = "$(TARGET_NAME)";
				SWIFT_EMIT_LOC_STRINGS = YES;
				SWIFT_VERSION = 5.0;
				TARGETED_DEVICE_FAMILY = "1,2";
			};
			name = Debug;
		};
		1808608A283849C100CEC2C6 /* Release */ = {
			isa = XCBuildConfiguration;
			buildSettings = {
				ASSETCATALOG_COMPILER_APPICON_NAME = AppIcon;
				ASSETCATALOG_COMPILER_GLOBAL_ACCENT_COLOR_NAME = AccentColor;
				CODE_SIGN_STYLE = Automatic;
				CURRENT_PROJECT_VERSION = 1;
				DEVELOPMENT_ASSET_PATHS = "\"swift-demo/Preview Content\"";
				DEVELOPMENT_TEAM = 8W3DAXSQW9;
				ENABLE_PREVIEWS = YES;
				GENERATE_INFOPLIST_FILE = YES;
				INFOPLIST_KEY_UIApplicationSceneManifest_Generation = YES;
				INFOPLIST_KEY_UIApplicationSupportsIndirectInputEvents = YES;
				INFOPLIST_KEY_UILaunchScreen_Generation = YES;
				INFOPLIST_KEY_UISupportedInterfaceOrientations_iPad = "UIInterfaceOrientationPortrait UIInterfaceOrientationPortraitUpsideDown UIInterfaceOrientationLandscapeLeft UIInterfaceOrientationLandscapeRight";
				INFOPLIST_KEY_UISupportedInterfaceOrientations_iPhone = "UIInterfaceOrientationPortrait UIInterfaceOrientationLandscapeLeft UIInterfaceOrientationLandscapeRight";
				LD_RUNPATH_SEARCH_PATHS = (
					"$(inherited)",
					"@executable_path/Frameworks",
				);
				MARKETING_VERSION = 1.0;
				PRODUCT_BUNDLE_IDENTIFIER = "com.nguyen.swift-demo";
				PRODUCT_NAME = "$(TARGET_NAME)";
				SWIFT_EMIT_LOC_STRINGS = YES;
				SWIFT_VERSION = 5.0;
				TARGETED_DEVICE_FAMILY = "1,2";
			};
			name = Release;
		};
/* End XCBuildConfiguration section */

/* Begin XCConfigurationList section */
		18086075283849C100CEC2C6 /* Build configuration list for PBXProject "swift-demo" */ = {
			isa = XCConfigurationList;
			buildConfigurations = (
				18086086283849C100CEC2C6 /* Debug */,
				18086087283849C100CEC2C6 /* Release */,
			);
			defaultConfigurationIsVisible = 0;
			defaultConfigurationName = Release;
		};
		18086088283849C100CEC2C6 /* Build configuration list for PBXNativeTarget "swift-demo" */ = {
			isa = XCConfigurationList;
			buildConfigurations = (
				18086089283849C100CEC2C6 /* Debug */,
				1808608A283849C100CEC2C6 /* Release */,
			);
			defaultConfigurationIsVisible = 0;
			defaultConfigurationName = Release;
		};
/* End XCConfigurationList section */
	};
	rootObject = 18086072283849C100CEC2C6 /* Project object */;
}
